
Microsoft Visual Studio Solution File, Format Version 12.00
# Visual Studio Version 17
VisualStudioVersion = 17.0.31912.275
MinimumVisualStudioVersion = 10.0.40219.1
Project("{FAE04EC0-301F-11D3-BF4B-00C04F79EFBC}") = "CubeIntersect", "CubeIntersect\CubeIntersect.csproj", "{1276CD71-C1FC-459A-BFB8-8753FEFD698A}"
EndProject
Project("{FAE04EC0-301F-11D3-BF4B-00C04F79EFBC}") = "CubeTest", "CubeTest\CubeTest.csproj", "{DE19324C-2214-4445-9F19-8EC582130CEC}"
EndProject
Project("{2150E333-8FDC-42A3-9474-1A3956D46DE8}") = "Solution Items", "Solution Items", "{FE02E27B-9D07-4EC7-A5D8-944813E18EB2}"
	ProjectSection(SolutionItems) = preProject
		readme.md = readme.md
	EndProjectSection
EndProject
Global
	GlobalSection(SolutionConfigurationPlatforms) = preSolution
		Debug|Any CPU = Debug|Any CPU
		Release|Any CPU = Release|Any CPU
	EndGlobalSection
	GlobalSection(ProjectConfigurationPlatforms) = postSolution
		{1276CD71-C1FC-459A-BFB8-8753FEFD698A}.Debug|Any CPU.ActiveCfg = Debug|Any CPU
		{1276CD71-C1FC-459A-BFB8-8753FEFD698A}.Debug|Any CPU.Build.0 = Debug|Any CPU
		{1276CD71-C1FC-459A-BFB8-8753FEFD698A}.Release|Any CPU.ActiveCfg = Release|Any CPU
		{1276CD71-C1FC-459A-BFB8-8753FEFD698A}.Release|Any CPU.Build.0 = Release|Any CPU
		{DE19324C-2214-4445-9F19-8EC582130CEC}.Debug|Any CPU.ActiveCfg = Debug|Any CPU
		{DE19324C-2214-4445-9F19-8EC582130CEC}.Debug|Any CPU.Build.0 = Debug|Any CPU
		{DE19324C-2214-4445-9F19-8EC582130CEC}.Release|Any CPU.ActiveCfg = Release|Any CPU
		{DE19324C-2214-4445-9F19-8EC582130CEC}.Release|Any CPU.Build.0 = Release|Any CPU
	EndGlobalSection
	GlobalSection(SolutionProperties) = preSolution
		HideSolutionNode = FALSE
	EndGlobalSection
	GlobalSection(ExtensibilityGlobals) = postSolution
		SolutionGuid = {FD189A77-7F01-4CA6-B8CF-B1426FC7336A}
	EndGlobalSection
EndGlobal
